// !$*UTF8*$!
{
	archiveVersion = 1;
	classes = {
	};
	objectVersion = 46;
	objects = {

/* Begin PBXBuildFile section */
		057E1FB81CBAB60B00021D5A /* AflatLow.m4a in Resources */ = {isa = PBXBuildFile; fileRef = 057E1FB01CBAB60B00021D5A /* AflatLow.m4a */; };
		057E1FB91CBAB60B00021D5A /* AflatMid1.m4a in Resources */ = {isa = PBXBuildFile; fileRef = 057E1FB11CBAB60B00021D5A /* AflatMid1.m4a */; };
		057E1FBA1CBAB60B00021D5A /* BflatLow.m4a in Resources */ = {isa = PBXBuildFile; fileRef = 057E1FB21CBAB60B00021D5A /* BflatLow.m4a */; };
		057E1FBB1CBAB60B00021D5A /* CnatLow.m4a in Resources */ = {isa = PBXBuildFile; fileRef = 057E1FB31CBAB60B00021D5A /* CnatLow.m4a */; };
		057E1FBC1CBAB60B00021D5A /* DflatLow.m4a in Resources */ = {isa = PBXBuildFile; fileRef = 057E1FB41CBAB60B00021D5A /* DflatLow.m4a */; };
		057E1FBD1CBAB60B00021D5A /* EflatLow.m4a in Resources */ = {isa = PBXBuildFile; fileRef = 057E1FB51CBAB60B00021D5A /* EflatLow.m4a */; };
		057E1FBE1CBAB60B00021D5A /* FnatLow.m4a in Resources */ = {isa = PBXBuildFile; fileRef = 057E1FB61CBAB60B00021D5A /* FnatLow.m4a */; };
		057E1FBF1CBAB60B00021D5A /* GnatLow.m4a in Resources */ = {isa = PBXBuildFile; fileRef = 057E1FB71CBAB60B00021D5A /* GnatLow.m4a */; };
		057E1FC71CBAB62A00021D5A /* AflatUp.m4a in Resources */ = {isa = PBXBuildFile; fileRef = 057E1FC01CBAB62A00021D5A /* AflatUp.m4a */; };
		057E1FC81CBAB62A00021D5A /* BflatUp.m4a in Resources */ = {isa = PBXBuildFile; fileRef = 057E1FC11CBAB62A00021D5A /* BflatUp.m4a */; };
		057E1FC91CBAB62A00021D5A /* CnatUp.m4a in Resources */ = {isa = PBXBuildFile; fileRef = 057E1FC21CBAB62A00021D5A /* CnatUp.m4a */; };
		057E1FCA1CBAB62A00021D5A /* DflatUp.m4a in Resources */ = {isa = PBXBuildFile; fileRef = 057E1FC31CBAB62A00021D5A /* DflatUp.m4a */; };
		057E1FCB1CBAB62A00021D5A /* EflatUp.m4a in Resources */ = {isa = PBXBuildFile; fileRef = 057E1FC41CBAB62A00021D5A /* EflatUp.m4a */; };
		057E1FCC1CBAB62A00021D5A /* FnatUp.m4a in Resources */ = {isa = PBXBuildFile; fileRef = 057E1FC51CBAB62A00021D5A /* FnatUp.m4a */; };
		057E1FCD1CBAB62A00021D5A /* GnatUp.m4a in Resources */ = {isa = PBXBuildFile; fileRef = 057E1FC61CBAB62A00021D5A /* GnatUp.m4a */; };
		05D502FA1C66A745003A516F /* AppDelegate.swift in Sources */ = {isa = PBXBuildFile; fileRef = 05D502F91C66A745003A516F /* AppDelegate.swift */; };
		05D502FC1C66A745003A516F /* ViewController.swift in Sources */ = {isa = PBXBuildFile; fileRef = 05D502FB1C66A745003A516F /* ViewController.swift */; };
		05D502FF1C66A745003A516F /* Main.storyboard in Resources */ = {isa = PBXBuildFile; fileRef = 05D502FD1C66A745003A516F /* Main.storyboard */; };
		05D503011C66A745003A516F /* Assets.xcassets in Resources */ = {isa = PBXBuildFile; fileRef = 05D503001C66A745003A516F /* Assets.xcassets */; };
		05D503041C66A745003A516F /* LaunchScreen.storyboard in Resources */ = {isa = PBXBuildFile; fileRef = 05D503021C66A745003A516F /* LaunchScreen.storyboard */; };
		05D5030F1C66A745003A516F /* MusicalCalculatorTests.swift in Sources */ = {isa = PBXBuildFile; fileRef = 05D5030E1C66A745003A516F /* MusicalCalculatorTests.swift */; };
		05D5031A1C66A745003A516F /* MusicalCalculatorUITests.swift in Sources */ = {isa = PBXBuildFile; fileRef = 05D503191C66A745003A516F /* MusicalCalculatorUITests.swift */; };
/* End PBXBuildFile section */

/* Begin PBXContainerItemProxy section */
		05D5030B1C66A745003A516F /* PBXContainerItemProxy */ = {
			isa = PBXContainerItemProxy;
			containerPortal = 05D502EE1C66A745003A516F /* Project object */;
			proxyType = 1;
			remoteGlobalIDString = 05D502F51C66A745003A516F;
			remoteInfo = MusicalCalculator;
		};
		05D503161C66A745003A516F /* PBXContainerItemProxy */ = {
			isa = PBXContainerItemProxy;
			containerPortal = 05D502EE1C66A745003A516F /* Project object */;
			proxyType = 1;
			remoteGlobalIDString = 05D502F51C66A745003A516F;
			remoteInfo = MusicalCalculator;
		};
/* End PBXContainerItemProxy section */

/* Begin PBXFileReference section */
		057E1FB01CBAB60B00021D5A /* AflatLow.m4a */ = {isa = PBXFileReference; lastKnownFileType = file; name = AflatLow.m4a; path = ../../../../notes/Lower/AflatLow.m4a; sourceTree = "<group>"; };
		057E1FB11CBAB60B00021D5A /* AflatMid1.m4a */ = {isa = PBXFileReference; lastKnownFileType = file; name = AflatMid1.m4a; path = ../../../../notes/Lower/AflatMid1.m4a; sourceTree = "<group>"; };
		057E1FB21CBAB60B00021D5A /* BflatLow.m4a */ = {isa = PBXFileReference; lastKnownFileType = file; name = BflatLow.m4a; path = ../../../../notes/Lower/BflatLow.m4a; sourceTree = "<group>"; };
		057E1FB31CBAB60B00021D5A /* CnatLow.m4a */ = {isa = PBXFileReference; lastKnownFileType = file; name = CnatLow.m4a; path = ../../../../notes/Lower/CnatLow.m4a; sourceTree = "<group>"; };
		057E1FB41CBAB60B00021D5A /* DflatLow.m4a */ = {isa = PBXFileReference; lastKnownFileType = file; name = DflatLow.m4a; path = ../../../../notes/Lower/DflatLow.m4a; sourceTree = "<group>"; };
		057E1FB51CBAB60B00021D5A /* EflatLow.m4a */ = {isa = PBXFileReference; lastKnownFileType = file; name = EflatLow.m4a; path = ../../../../notes/Lower/EflatLow.m4a; sourceTree = "<group>"; };
		057E1FB61CBAB60B00021D5A /* FnatLow.m4a */ = {isa = PBXFileReference; lastKnownFileType = file; name = FnatLow.m4a; path = ../../../../notes/Lower/FnatLow.m4a; sourceTree = "<group>"; };
		057E1FB71CBAB60B00021D5A /* GnatLow.m4a */ = {isa = PBXFileReference; lastKnownFileType = file; name = GnatLow.m4a; path = ../../../../notes/Lower/GnatLow.m4a; sourceTree = "<group>"; };
		057E1FC01CBAB62A00021D5A /* AflatUp.m4a */ = {isa = PBXFileReference; lastKnownFileType = file; name = AflatUp.m4a; path = ../../../../notes/Upper/AflatUp.m4a; sourceTree = "<group>"; };
		057E1FC11CBAB62A00021D5A /* BflatUp.m4a */ = {isa = PBXFileReference; lastKnownFileType = file; name = BflatUp.m4a; path = ../../../../notes/Upper/BflatUp.m4a; sourceTree = "<group>"; };
		057E1FC21CBAB62A00021D5A /* CnatUp.m4a */ = {isa = PBXFileReference; lastKnownFileType = file; name = CnatUp.m4a; path = ../../../../notes/Upper/CnatUp.m4a; sourceTree = "<group>"; };
		057E1FC31CBAB62A00021D5A /* DflatUp.m4a */ = {isa = PBXFileReference; lastKnownFileType = file; name = DflatUp.m4a; path = ../../../../notes/Upper/DflatUp.m4a; sourceTree = "<group>"; };
		057E1FC41CBAB62A00021D5A /* EflatUp.m4a */ = {isa = PBXFileReference; lastKnownFileType = file; name = EflatUp.m4a; path = ../../../../notes/Upper/EflatUp.m4a; sourceTree = "<group>"; };
		057E1FC51CBAB62A00021D5A /* FnatUp.m4a */ = {isa = PBXFileReference; lastKnownFileType = file; name = FnatUp.m4a; path = ../../../../notes/Upper/FnatUp.m4a; sourceTree = "<group>"; };
		057E1FC61CBAB62A00021D5A /* GnatUp.m4a */ = {isa = PBXFileReference; lastKnownFileType = file; name = GnatUp.m4a; path = ../../../../notes/Upper/GnatUp.m4a; sourceTree = "<group>"; };
		05D502F61C66A745003A516F /* MusicalCalculator.app */ = {isa = PBXFileReference; explicitFileType = wrapper.application; includeInIndex = 0; path = MusicalCalculator.app; sourceTree = BUILT_PRODUCTS_DIR; };
		05D502F91C66A745003A516F /* AppDelegate.swift */ = {isa = PBXFileReference; lastKnownFileType = sourcecode.swift; path = AppDelegate.swift; sourceTree = "<group>"; };
		05D502FB1C66A745003A516F /* ViewController.swift */ = {isa = PBXFileReference; lastKnownFileType = sourcecode.swift; path = ViewController.swift; sourceTree = "<group>"; };
		05D502FE1C66A745003A516F /* Base */ = {isa = PBXFileReference; lastKnownFileType = file.storyboard; name = Base; path = Base.lproj/Main.storyboard; sourceTree = "<group>"; };
		05D503001C66A745003A516F /* Assets.xcassets */ = {isa = PBXFileReference; lastKnownFileType = folder.assetcatalog; path = Assets.xcassets; sourceTree = "<group>"; };
		05D503031C66A745003A516F /* Base */ = {isa = PBXFileReference; lastKnownFileType = file.storyboard; name = Base; path = Base.lproj/LaunchScreen.storyboard; sourceTree = "<group>"; };
		05D503051C66A745003A516F /* Info.plist */ = {isa = PBXFileReference; lastKnownFileType = text.plist.xml; path = Info.plist; sourceTree = "<group>"; };
		05D5030A1C66A745003A516F /* MusicalCalculatorTests.xctest */ = {isa = PBXFileReference; explicitFileType = wrapper.cfbundle; includeInIndex = 0; path = MusicalCalculatorTests.xctest; sourceTree = BUILT_PRODUCTS_DIR; };
		05D5030E1C66A745003A516F /* MusicalCalculatorTests.swift */ = {isa = PBXFileReference; lastKnownFileType = sourcecode.swift; path = MusicalCalculatorTests.swift; sourceTree = "<group>"; };
		05D503101C66A745003A516F /* Info.plist */ = {isa = PBXFileReference; lastKnownFileType = text.plist.xml; path = Info.plist; sourceTree = "<group>"; };
		05D503151C66A745003A516F /* MusicalCalculatorUITests.xctest */ = {isa = PBXFileReference; explicitFileType = wrapper.cfbundle; includeInIndex = 0; path = MusicalCalculatorUITests.xctest; sourceTree = BUILT_PRODUCTS_DIR; };
		05D503191C66A745003A516F /* MusicalCalculatorUITests.swift */ = {isa = PBXFileReference; lastKnownFileType = sourcecode.swift; path = MusicalCalculatorUITests.swift; sourceTree = "<group>"; };
		05D5031B1C66A745003A516F /* Info.plist */ = {isa = PBXFileReference; lastKnownFileType = text.plist.xml; path = Info.plist; sourceTree = "<group>"; };
/* End PBXFileReference section */

/* Begin PBXFrameworksBuildPhase section */
		05D502F31C66A745003A516F /* Frameworks */ = {
			isa = PBXFrameworksBuildPhase;
			buildActionMask = 2147483647;
			files = (
			);
			runOnlyForDeploymentPostprocessing = 0;
		};
		05D503071C66A745003A516F /* Frameworks */ = {
			isa = PBXFrameworksBuildPhase;
			buildActionMask = 2147483647;
			files = (
			);
			runOnlyForDeploymentPostprocessing = 0;
		};
		05D503121C66A745003A516F /* Frameworks */ = {
			isa = PBXFrameworksBuildPhase;
			buildActionMask = 2147483647;
			files = (
			);
			runOnlyForDeploymentPostprocessing = 0;
		};
/* End PBXFrameworksBuildPhase section */

/* Begin PBXGroup section */
		05D502ED1C66A745003A516F = {
			isa = PBXGroup;
			children = (
				05D502F81C66A745003A516F /* MusicalCalculator */,
				05D5030D1C66A745003A516F /* MusicalCalculatorTests */,
				05D503181C66A745003A516F /* MusicalCalculatorUITests */,
				05D502F71C66A745003A516F /* Products */,
			);
			sourceTree = "<group>";
		};
		05D502F71C66A745003A516F /* Products */ = {
			isa = PBXGroup;
			children = (
				05D502F61C66A745003A516F /* MusicalCalculator.app */,
				05D5030A1C66A745003A516F /* MusicalCalculatorTests.xctest */,
				05D503151C66A745003A516F /* MusicalCalculatorUITests.xctest */,
			);
			name = Products;
			sourceTree = "<group>";
		};
		05D502F81C66A745003A516F /* MusicalCalculator */ = {
			isa = PBXGroup;
			children = (
				05D502F91C66A745003A516F /* AppDelegate.swift */,
				05D502FB1C66A745003A516F /* ViewController.swift */,
				057E1FC01CBAB62A00021D5A /* AflatUp.m4a */,
				057E1FC11CBAB62A00021D5A /* BflatUp.m4a */,
				057E1FC21CBAB62A00021D5A /* CnatUp.m4a */,
				057E1FC31CBAB62A00021D5A /* DflatUp.m4a */,
				057E1FC41CBAB62A00021D5A /* EflatUp.m4a */,
				057E1FC51CBAB62A00021D5A /* FnatUp.m4a */,
				057E1FC61CBAB62A00021D5A /* GnatUp.m4a */,
				057E1FB01CBAB60B00021D5A /* AflatLow.m4a */,
				057E1FB11CBAB60B00021D5A /* AflatMid1.m4a */,
				057E1FB21CBAB60B00021D5A /* BflatLow.m4a */,
				057E1FB31CBAB60B00021D5A /* CnatLow.m4a */,
				057E1FB41CBAB60B00021D5A /* DflatLow.m4a */,
				057E1FB51CBAB60B00021D5A /* EflatLow.m4a */,
				057E1FB61CBAB60B00021D5A /* FnatLow.m4a */,
				057E1FB71CBAB60B00021D5A /* GnatLow.m4a */,
				05D502FD1C66A745003A516F /* Main.storyboard */,
				05D503001C66A745003A516F /* Assets.xcassets */,
				05D503021C66A745003A516F /* LaunchScreen.storyboard */,
				05D503051C66A745003A516F /* Info.plist */,
			);
			path = MusicalCalculator;
			sourceTree = "<group>";
		};
		05D5030D1C66A745003A516F /* MusicalCalculatorTests */ = {
			isa = PBXGroup;
			children = (
				05D5030E1C66A745003A516F /* MusicalCalculatorTests.swift */,
				05D503101C66A745003A516F /* Info.plist */,
			);
			path = MusicalCalculatorTests;
			sourceTree = "<group>";
		};
		05D503181C66A745003A516F /* MusicalCalculatorUITests */ = {
			isa = PBXGroup;
			children = (
				05D503191C66A745003A516F /* MusicalCalculatorUITests.swift */,
				05D5031B1C66A745003A516F /* Info.plist */,
			);
			path = MusicalCalculatorUITests;
			sourceTree = "<group>";
		};
/* End PBXGroup section */

/* Begin PBXNativeTarget section */
		05D502F51C66A745003A516F /* MusicalCalculator */ = {
			isa = PBXNativeTarget;
			buildConfigurationList = 05D5031E1C66A745003A516F /* Build configuration list for PBXNativeTarget "MusicalCalculator" */;
			buildPhases = (
				05D502F21C66A745003A516F /* Sources */,
				05D502F31C66A745003A516F /* Frameworks */,
				05D502F41C66A745003A516F /* Resources */,
			);
			buildRules = (
			);
			dependencies = (
			);
			name = MusicalCalculator;
			productName = MusicalCalculator;
			productReference = 05D502F61C66A745003A516F /* MusicalCalculator.app */;
			productType = "com.apple.product-type.application";
		};
		05D503091C66A745003A516F /* MusicalCalculatorTests */ = {
			isa = PBXNativeTarget;
			buildConfigurationList = 05D503211C66A745003A516F /* Build configuration list for PBXNativeTarget "MusicalCalculatorTests" */;
			buildPhases = (
				05D503061C66A745003A516F /* Sources */,
				05D503071C66A745003A516F /* Frameworks */,
				05D503081C66A745003A516F /* Resources */,
			);
			buildRules = (
			);
			dependencies = (
				05D5030C1C66A745003A516F /* PBXTargetDependency */,
			);
			name = MusicalCalculatorTests;
			productName = MusicalCalculatorTests;
			productReference = 05D5030A1C66A745003A516F /* MusicalCalculatorTests.xctest */;
			productType = "com.apple.product-type.bundle.unit-test";
		};
		05D503141C66A745003A516F /* MusicalCalculatorUITests */ = {
			isa = PBXNativeTarget;
			buildConfigurationList = 05D503241C66A745003A516F /* Build configuration list for PBXNativeTarget "MusicalCalculatorUITests" */;
			buildPhases = (
				05D503111C66A745003A516F /* Sources */,
				05D503121C66A745003A516F /* Frameworks */,
				05D503131C66A745003A516F /* Resources */,
			);
			buildRules = (
			);
			dependencies = (
				05D503171C66A745003A516F /* PBXTargetDependency */,
			);
			name = MusicalCalculatorUITests;
			productName = MusicalCalculatorUITests;
			productReference = 05D503151C66A745003A516F /* MusicalCalculatorUITests.xctest */;
			productType = "com.apple.product-type.bundle.ui-testing";
		};
/* End PBXNativeTarget section */

/* Begin PBXProject section */
		05D502EE1C66A745003A516F /* Project object */ = {
			isa = PBXProject;
			attributes = {
				LastSwiftUpdateCheck = 0720;
				LastUpgradeCheck = 0720;
				ORGANIZATIONNAME = "Mary Dye";
				TargetAttributes = {
					05D502F51C66A745003A516F = {
						CreatedOnToolsVersion = 7.2;
					};
					05D503091C66A745003A516F = {
						CreatedOnToolsVersion = 7.2;
						TestTargetID = 05D502F51C66A745003A516F;
					};
					05D503141C66A745003A516F = {
						CreatedOnToolsVersion = 7.2;
						TestTargetID = 05D502F51C66A745003A516F;
					};
				};
			};
			buildConfigurationList = 05D502F11C66A745003A516F /* Build configuration list for PBXProject "MusicalCalculator" */;
			compatibilityVersion = "Xcode 3.2";
			developmentRegion = English;
			hasScannedForEncodings = 0;
			knownRegions = (
				en,
				Base,
			);
			mainGroup = 05D502ED1C66A745003A516F;
			productRefGroup = 05D502F71C66A745003A516F /* Products */;
			projectDirPath = "";
			projectRoot = "";
			targets = (
				05D502F51C66A745003A516F /* MusicalCalculator */,
				05D503091C66A745003A516F /* MusicalCalculatorTests */,
				05D503141C66A745003A516F /* MusicalCalculatorUITests */,
			);
		};
/* End PBXProject section */

/* Begin PBXResourcesBuildPhase section */
		05D502F41C66A745003A516F /* Resources */ = {
			isa = PBXResourcesBuildPhase;
			buildActionMask = 2147483647;
			files = (
				05D503041C66A745003A516F /* LaunchScreen.storyboard in Resources */,
				057E1FBC1CBAB60B00021D5A /* DflatLow.m4a in Resources */,
				05D503011C66A745003A516F /* Assets.xcassets in Resources */,
				057E1FCC1CBAB62A00021D5A /* FnatUp.m4a in Resources */,
				057E1FC91CBAB62A00021D5A /* CnatUp.m4a in Resources */,
				057E1FCD1CBAB62A00021D5A /* GnatUp.m4a in Resources */,
				057E1FBB1CBAB60B00021D5A /* CnatLow.m4a in Resources */,
				057E1FC71CBAB62A00021D5A /* AflatUp.m4a in Resources */,
				057E1FB81CBAB60B00021D5A /* AflatLow.m4a in Resources */,
				057E1FBF1CBAB60B00021D5A /* GnatLow.m4a in Resources */,
				057E1FBA1CBAB60B00021D5A /* BflatLow.m4a in Resources */,
				057E1FB91CBAB60B00021D5A /* AflatMid1.m4a in Resources */,
				057E1FC81CBAB62A00021D5A /* BflatUp.m4a in Resources */,
				05D502FF1C66A745003A516F /* Main.storyboard in Resources */,
				057E1FCB1CBAB62A00021D5A /* EflatUp.m4a in Resources */,
				057E1FBE1CBAB60B00021D5A /* FnatLow.m4a in Resources */,
				057E1FBD1CBAB60B00021D5A /* EflatLow.m4a in Resources */,
				057E1FCA1CBAB62A00021D5A /* DflatUp.m4a in Resources */,
			);
			runOnlyForDeploymentPostprocessing = 0;
		};
		05D503081C66A745003A516F /* Resources */ = {
			isa = PBXResourcesBuildPhase;
			buildActionMask = 2147483647;
			files = (
			);
			runOnlyForDeploymentPostprocessing = 0;
		};
		05D503131C66A745003A516F /* Resources */ = {
			isa = PBXResourcesBuildPhase;
			buildActionMask = 2147483647;
			files = (
			);
			runOnlyForDeploymentPostprocessing = 0;
		};
/* End PBXResourcesBuildPhase section */

/* Begin PBXSourcesBuildPhase section */
		05D502F21C66A745003A516F /* Sources */ = {
			isa = PBXSourcesBuildPhase;
			buildActionMask = 2147483647;
			files = (
				05D502FC1C66A745003A516F /* ViewController.swift in Sources */,
				05D502FA1C66A745003A516F /* AppDelegate.swift in Sources */,
			);
			runOnlyForDeploymentPostprocessing = 0;
		};
		05D503061C66A745003A516F /* Sources */ = {
			isa = PBXSourcesBuildPhase;
			buildActionMask = 2147483647;
			files = (
				05D5030F1C66A745003A516F /* MusicalCalculatorTests.swift in Sources */,
			);
			runOnlyForDeploymentPostprocessing = 0;
		};
		05D503111C66A745003A516F /* Sources */ = {
			isa = PBXSourcesBuildPhase;
			buildActionMask = 2147483647;
			files = (
				05D5031A1C66A745003A516F /* MusicalCalculatorUITests.swift in Sources */,
			);
			runOnlyForDeploymentPostprocessing = 0;
		};
/* End PBXSourcesBuildPhase section */

/* Begin PBXTargetDependency section */
		05D5030C1C66A745003A516F /* PBXTargetDependency */ = {
			isa = PBXTargetDependency;
			target = 05D502F51C66A745003A516F /* MusicalCalculator */;
			targetProxy = 05D5030B1C66A745003A516F /* PBXContainerItemProxy */;
		};
		05D503171C66A745003A516F /* PBXTargetDependency */ = {
			isa = PBXTargetDependency;
			target = 05D502F51C66A745003A516F /* MusicalCalculator */;
			targetProxy = 05D503161C66A745003A516F /* PBXContainerItemProxy */;
		};
/* End PBXTargetDependency section */

/* Begin PBXVariantGroup section */
		05D502FD1C66A745003A516F /* Main.storyboard */ = {
			isa = PBXVariantGroup;
			children = (
				05D502FE1C66A745003A516F /* Base */,
			);
			name = Main.storyboard;
			sourceTree = "<group>";
		};
		05D503021C66A745003A516F /* LaunchScreen.storyboard */ = {
			isa = PBXVariantGroup;
			children = (
				05D503031C66A745003A516F /* Base */,
			);
			name = LaunchScreen.storyboard;
			sourceTree = "<group>";
		};
/* End PBXVariantGroup section */

/* Begin XCBuildConfiguration section */
		05D5031C1C66A745003A516F /* Debug */ = {
			isa = XCBuildConfiguration;
			buildSettings = {
				ALWAYS_SEARCH_USER_PATHS = NO;
				CLANG_CXX_LANGUAGE_STANDARD = "gnu++0x";
				CLANG_CXX_LIBRARY = "libc++";
				CLANG_ENABLE_MODULES = YES;
				CLANG_ENABLE_OBJC_ARC = YES;
				CLANG_WARN_BOOL_CONVERSION = YES;
				CLANG_WARN_CONSTANT_CONVERSION = YES;
				CLANG_WARN_DIRECT_OBJC_ISA_USAGE = YES_ERROR;
				CLANG_WARN_EMPTY_BODY = YES;
				CLANG_WARN_ENUM_CONVERSION = YES;
				CLANG_WARN_INT_CONVERSION = YES;
				CLANG_WARN_OBJC_ROOT_CLASS = YES_ERROR;
				CLANG_WARN_UNREACHABLE_CODE = YES;
				CLANG_WARN__DUPLICATE_METHOD_MATCH = YES;
				"CODE_SIGN_IDENTITY[sdk=iphoneos*]" = "iPhone Developer";
				COPY_PHASE_STRIP = NO;
				DEBUG_INFORMATION_FORMAT = dwarf;
				ENABLE_STRICT_OBJC_MSGSEND = YES;
				ENABLE_TESTABILITY = YES;
				GCC_C_LANGUAGE_STANDARD = gnu99;
				GCC_DYNAMIC_NO_PIC = NO;
				GCC_NO_COMMON_BLOCKS = YES;
				GCC_OPTIMIZATION_LEVEL = 0;
				GCC_PREPROCESSOR_DEFINITIONS = (
					"DEBUG=1",
					"$(inherited)",
				);
				GCC_WARN_64_TO_32_BIT_CONVERSION = YES;
				GCC_WARN_ABOUT_RETURN_TYPE = YES_ERROR;
				GCC_WARN_UNDECLARED_SELECTOR = YES;
				GCC_WARN_UNINITIALIZED_AUTOS = YES_AGGRESSIVE;
				GCC_WARN_UNUSED_FUNCTION = YES;
				GCC_WARN_UNUSED_VARIABLE = YES;
				IPHONEOS_DEPLOYMENT_TARGET = 9.2;
				MTL_ENABLE_DEBUG_INFO = YES;
				ONLY_ACTIVE_ARCH = YES;
				SDKROOT = iphoneos;
				SWIFT_OPTIMIZATION_LEVEL = "-Onone";
				TARGETED_DEVICE_FAMILY = "1,2";
			};
			name = Debug;
		};
		05D5031D1C66A745003A516F /* Release */ = {
			isa = XCBuildConfiguration;
			buildSettings = {
				ALWAYS_SEARCH_USER_PATHS = NO;
				CLANG_CXX_LANGUAGE_STANDARD = "gnu++0x";
				CLANG_CXX_LIBRARY = "libc++";
				CLANG_ENABLE_MODULES = YES;
				CLANG_ENABLE_OBJC_ARC = YES;
				CLANG_WARN_BOOL_CONVERSION = YES;
				CLANG_WARN_CONSTANT_CONVERSION = YES;
				CLANG_WARN_DIRECT_OBJC_ISA_USAGE = YES_ERROR;
				CLANG_WARN_EMPTY_BODY = YES;
				CLANG_WARN_ENUM_CONVERSION = YES;
				CLANG_WARN_INT_CONVERSION = YES;
				CLANG_WARN_OBJC_ROOT_CLASS = YES_ERROR;
				CLANG_WARN_UNREACHABLE_CODE = YES;
				CLANG_WARN__DUPLICATE_METHOD_MATCH = YES;
				"CODE_SIGN_IDENTITY[sdk=iphoneos*]" = "iPhone Developer";
				COPY_PHASE_STRIP = NO;
				DEBUG_INFORMATION_FORMAT = "dwarf-with-dsym";
				ENABLE_NS_ASSERTIONS = NO;
				ENABLE_STRICT_OBJC_MSGSEND = YES;
				GCC_C_LANGUAGE_STANDARD = gnu99;
				GCC_NO_COMMON_BLOCKS = YES;
				GCC_WARN_64_TO_32_BIT_CONVERSION = YES;
				GCC_WARN_ABOUT_RETURN_TYPE = YES_ERROR;
				GCC_WARN_UNDECLARED_SELECTOR = YES;
				GCC_WARN_UNINITIALIZED_AUTOS = YES_AGGRESSIVE;
				GCC_WARN_UNUSED_FUNCTION = YES;
				GCC_WARN_UNUSED_VARIABLE = YES;
				IPHONEOS_DEPLOYMENT_TARGET = 9.2;
				MTL_ENABLE_DEBUG_INFO = NO;
				SDKROOT = iphoneos;
				TARGETED_DEVICE_FAMILY = "1,2";
				VALIDATE_PRODUCT = YES;
			};
			name = Release;
		};
		05D5031F1C66A745003A516F /* Debug */ = {
			isa = XCBuildConfiguration;
			buildSettings = {
				ASSETCATALOG_COMPILER_APPICON_NAME = AppIcon;
				INFOPLIST_FILE = MusicalCalculator/Info.plist;
				LD_RUNPATH_SEARCH_PATHS = "$(inherited) @executable_path/Frameworks";
				PRODUCT_BUNDLE_IDENTIFIER = Mary.MusicalCalculator;
				PRODUCT_NAME = "$(TARGET_NAME)";
			};
			name = Debug;
		};
		05D503201C66A745003A516F /* Release */ = {
			isa = XCBuildConfiguration;
			buildSettings = {
				ASSETCATALOG_COMPILER_APPICON_NAME = AppIcon;
				INFOPLIST_FILE = MusicalCalculator/Info.plist;
				LD_RUNPATH_SEARCH_PATHS = "$(inherited) @executable_path/Frameworks";
				PRODUCT_BUNDLE_IDENTIFIER = Mary.MusicalCalculator;
				PRODUCT_NAME = "$(TARGET_NAME)";
			};
			name = Release;
		};
		05D503221C66A745003A516F /* Debug */ = {
			isa = XCBuildConfiguration;
			buildSettings = {
				BUNDLE_LOADER = "$(TEST_HOST)";
				INFOPLIST_FILE = MusicalCalculatorTests/Info.plist;
				LD_RUNPATH_SEARCH_PATHS = "$(inherited) @executable_path/Frameworks @loader_path/Frameworks";
				PRODUCT_BUNDLE_IDENTIFIER = Mary.MusicalCalculatorTests;
				PRODUCT_NAME = "$(TARGET_NAME)";
				TEST_HOST = "$(BUILT_PRODUCTS_DIR)/MusicalCalculator.app/MusicalCalculator";
			};
			name = Debug;
		};
		05D503231C66A745003A516F /* Release */ = {
			isa = XCBuildConfiguration;
			buildSettings = {
				BUNDLE_LOADER = "$(TEST_HOST)";
				INFOPLIST_FILE = MusicalCalculatorTests/Info.plist;
				LD_RUNPATH_SEARCH_PATHS = "$(inherited) @executable_path/Frameworks @loader_path/Frameworks";
				PRODUCT_BUNDLE_IDENTIFIER = Mary.MusicalCalculatorTests;
				PRODUCT_NAME = "$(TARGET_NAME)";
				TEST_HOST = "$(BUILT_PRODUCTS_DIR)/MusicalCalculator.app/MusicalCalculator";
			};
			name = Release;
		};
		05D503251C66A745003A516F /* Debug */ = {
			isa = XCBuildConfiguration;
			buildSettings = {
				INFOPLIST_FILE = MusicalCalculatorUITests/Info.plist;
				LD_RUNPATH_SEARCH_PATHS = "$(inherited) @executable_path/Frameworks @loader_path/Frameworks";
				PRODUCT_BUNDLE_IDENTIFIER = Mary.MusicalCalculatorUITests;
				PRODUCT_NAME = "$(TARGET_NAME)";
				TEST_TARGET_NAME = MusicalCalculator;
				USES_XCTRUNNER = YES;
			};
			name = Debug;
		};
		05D503261C66A745003A516F /* Release */ = {
			isa = XCBuildConfiguration;
			buildSettings = {
				INFOPLIST_FILE = MusicalCalculatorUITests/Info.plist;
				LD_RUNPATH_SEARCH_PATHS = "$(inherited) @executable_path/Frameworks @loader_path/Frameworks";
				PRODUCT_BUNDLE_IDENTIFIER = Mary.MusicalCalculatorUITests;
				PRODUCT_NAME = "$(TARGET_NAME)";
				TEST_TARGET_NAME = MusicalCalculator;
				USES_XCTRUNNER = YES;
			};
			name = Release;
		};
/* End XCBuildConfiguration section */

/* Begin XCConfigurationList section */
		05D502F11C66A745003A516F /* Build configuration list for PBXProject "MusicalCalculator" */ = {
			isa = XCConfigurationList;
			buildConfigurations = (
				05D5031C1C66A745003A516F /* Debug */,
				05D5031D1C66A745003A516F /* Release */,
			);
			defaultConfigurationIsVisible = 0;
			defaultConfigurationName = Release;
		};
		05D5031E1C66A745003A516F /* Build configuration list for PBXNativeTarget "MusicalCalculator" */ = {
			isa = XCConfigurationList;
			buildConfigurations = (
				05D5031F1C66A745003A516F /* Debug */,
				05D503201C66A745003A516F /* Release */,
			);
			defaultConfigurationIsVisible = 0;
			defaultConfigurationName = Release;
		};
		05D503211C66A745003A516F /* Build configuration list for PBXNativeTarget "MusicalCalculatorTests" */ = {
			isa = XCConfigurationList;
			buildConfigurations = (
				05D503221C66A745003A516F /* Debug */,
				05D503231C66A745003A516F /* Release */,
			);
			defaultConfigurationIsVisible = 0;
			defaultConfigurationName = Release;
		};
		05D503241C66A745003A516F /* Build configuration list for PBXNativeTarget "MusicalCalculatorUITests" */ = {
			isa = XCConfigurationList;
			buildConfigurations = (
				05D503251C66A745003A516F /* Debug */,
				05D503261C66A745003A516F /* Release */,
			);
			defaultConfigurationIsVisible = 0;
			defaultConfigurationName = Release;
		};
/* End XCConfigurationList section */
	};
	rootObject = 05D502EE1C66A745003A516F /* Project object */;
}
